dependencies:
- name: common
  repository: oci://registry-1.docker.io/bitnamicharts
  version: 2.22.0
- name: postgresql
  repository: oci://registry-1.docker.io/bitnamicharts
  version: 15.5.26
- name: redis
  repository: oci://registry-1.docker.io/bitnamicharts
  version: 20.0.3
digest: sha256:f8016f75fea69ceff280f3fe272fc8006ded2cacd4111b66b6b4aeb046196a0c
generated: "2024-08-27T19:09:17.244826701Z"
